
Microsoft Visual Studio Solution File, Format Version 12.00
# Visual Studio Version 17
VisualStudioVersion = 17.3.32929.385
MinimumVisualStudioVersion = 10.0.40219.1
Project("{FAE04EC0-301F-11D3-BF4B-00C04F79EFBC}") = "NWCodeFirstMVC", "NWCodeFirstMVC\NWCodeFirstMVC.csproj", "{FA051110-9FA0-4DBE-8D8F-0119D43C9DCB}"
EndProject
Project("{FAE04EC0-301F-11D3-BF4B-00C04F79EFBC}") = "NwCodeFirstMVC.Data", "NwCodeFirstMVC.Data\NwCodeFirstMVC.Data.csproj", "{6D8B0E4C-B5F8-44B3-A851-5E1B79924CC3}"
EndProject
Project("{FAE04EC0-301F-11D3-BF4B-00C04F79EFBC}") = "NWCodeFirstMVCSacffold", "NWCodeFirstMVCSacffold\NWCodeFirstMVCSacffold.csproj", "{0AA95647-FAA5-4BE4-9E8B-C81BF17F858C}"
EndProject
Global
	GlobalSection(SolutionConfigurationPlatforms) = preSolution
		Debug|Any CPU = Debug|Any CPU
		Release|Any CPU = Release|Any CPU
	EndGlobalSection
	GlobalSection(ProjectConfigurationPlatforms) = postSolution
		{FA051110-9FA0-4DBE-8D8F-0119D43C9DCB}.Debug|Any CPU.ActiveCfg = Debug|Any CPU
		{FA051110-9FA0-4DBE-8D8F-0119D43C9DCB}.Debug|Any CPU.Build.0 = Debug|Any CPU
		{FA051110-9FA0-4DBE-8D8F-0119D43C9DCB}.Release|Any CPU.ActiveCfg = Release|Any CPU
		{FA051110-9FA0-4DBE-8D8F-0119D43C9DCB}.Release|Any CPU.Build.0 = Release|Any CPU
		{6D8B0E4C-B5F8-44B3-A851-5E1B79924CC3}.Debug|Any CPU.ActiveCfg = Debug|Any CPU
		{6D8B0E4C-B5F8-44B3-A851-5E1B79924CC3}.Debug|Any CPU.Build.0 = Debug|Any CPU
		{6D8B0E4C-B5F8-44B3-A851-5E1B79924CC3}.Release|Any CPU.ActiveCfg = Release|Any CPU
		{6D8B0E4C-B5F8-44B3-A851-5E1B79924CC3}.Release|Any CPU.Build.0 = Release|Any CPU
		{0AA95647-FAA5-4BE4-9E8B-C81BF17F858C}.Debug|Any CPU.ActiveCfg = Debug|Any CPU
		{0AA95647-FAA5-4BE4-9E8B-C81BF17F858C}.Debug|Any CPU.Build.0 = Debug|Any CPU
		{0AA95647-FAA5-4BE4-9E8B-C81BF17F858C}.Release|Any CPU.ActiveCfg = Release|Any CPU
		{0AA95647-FAA5-4BE4-9E8B-C81BF17F858C}.Release|Any CPU.Build.0 = Release|Any CPU
	EndGlobalSection
	GlobalSection(SolutionProperties) = preSolution
		HideSolutionNode = FALSE
	EndGlobalSection
	GlobalSection(ExtensibilityGlobals) = postSolution
		SolutionGuid = {468B525A-4ACD-4499-BA7A-6D2F00131B02}
	EndGlobalSection
EndGlobal
